
Microsoft Visual Studio Solution File, Format Version 12.00
# Visual Studio Version 17
VisualStudioVersion = 17.10.34916.146
MinimumVisualStudioVersion = 10.0.40219.1
Project("{FAE04EC0-301F-11D3-BF4B-00C04F79EFBC}") = "HW_SP_8.0", "HW_SP_8.0.csproj", "{65C977A6-5C9C-445E-B3C7-34D92CA23924}"
EndProject
Global
	GlobalSection(SolutionConfigurationPlatforms) = preSolution
		Debug|Any CPU = Debug|Any CPU
		Release|Any CPU = Release|Any CPU
	EndGlobalSection
	GlobalSection(ProjectConfigurationPlatforms) = postSolution
		{65C977A6-5C9C-445E-B3C7-34D92CA23924}.Debug|Any CPU.ActiveCfg = Debug|Any CPU
		{65C977A6-5C9C-445E-B3C7-34D92CA23924}.Debug|Any CPU.Build.0 = Debug|Any CPU
		{65C977A6-5C9C-445E-B3C7-34D92CA23924}.Release|Any CPU.ActiveCfg = Release|Any CPU
		{65C977A6-5C9C-445E-B3C7-34D92CA23924}.Release|Any CPU.Build.0 = Release|Any CPU
	EndGlobalSection
	GlobalSection(SolutionProperties) = preSolution
		HideSolutionNode = FALSE
	EndGlobalSection
	GlobalSection(ExtensibilityGlobals) = postSolution
		SolutionGuid = {63808AAD-FF9B-4BD9-B169-DCBB3F90B3FA}
	EndGlobalSection
EndGlobal
